abc,2.1
abc.data,1.0
abind,1.4.5
abodOutlier,0.1
acc,1.3.3
acepack,1.4.1
acss,0.2.5
acss.data,1.0
activity,1.3.1
ada,2.0.5
ade4,1.7.16
adehabitatMA,0.3.14
ADGofTest,0.3
adimpro,0.8.2
AdvBinomApps,1.0
AER,1.2.9
AggregateR,0.1.1
agop,0.2.3
AhoCorasickTrie,0.1.2
AID,2.6
akima,0.6.2.1
AlgDesign,1.2.0
amap,0.8.18
Amelia,1.8.0
animation,NULL
AnnotationBustR,1.3.0
APCanalysis,1.0
ape,5.5
archetypes,2.2.0.1
arm,1.10.1
ART,1.0
arules,1.6.8
ash,1.0.15
assertive.base,0.0.9
assertive.code,0.0.3
assertive.data,0.0.3
assertive.data.uk,0.0.2
assertive.data.us,0.0.2
assertive.datetimes,0.0.3
assertive.files,0.0.2
assertive.matrices,0.0.2
assertive.models,0.0.2
assertive.numbers,0.0.2
assertive.properties,0.0.4
assertive.reflection,0.0.5
assertive.sets,0.0.3
assertive.strings,0.0.3
assertive.types,0.0.3
assertthat,0.2.1
astroFns,4.1.0
asVPC,1.0.2
ATE,0.2.0
ATmet,1.2.1
aTSA,3.1.2
AUC,0.3.0
audio,0.1.7
autoencoder,1.1
automap,1.0.14
aws.ec2metadata,0.2.0
awsMethods,1.1.1
aws.s3,0.3.21
aws.signature,0.6.0
backports,1.2.1
bacr,1.0.1
BalancedSampling,1.5.5
base64enc,0.1.3
base64url,1.4
BASIX,1.1
BBmisc,1.11
bbmle,1.0.23.1
BBMM,3.0
Bchron,4.7.6
bdscale,2.0.0
bdsmatrix,1.3.4
beanplot,1.2
beeswarm,0.4.0
benchr,0.2.5
BenfordTests,1.2.0
BetaBit,1.4
betafam,1.0
BiasedUrn,1.7
bibtex,0.4.2.3
biglm,0.9.2.1
bigmemory,4.5.36
bigmemory.sri,0.1.3
binda,1.0.3
bindata,0.9.20
bindr,0.1.1
BinNor,2.3.3
binom,1.1.1
binsmooth,0.2.2
bit,4.0.4
bit64,4.0.5
blink,1.1.0
BLModel,1.0.2
blob,1.2.1
blockmatrix,1.0
BlockMessage,1.0
BMisc,1.4.2
bmp,0.3
bold,1.2.0
bookdown,0.22
bookdownplus,NULL
boot,1.3.28
bpcp,1.4
bqtl,1.0.32
brant,0.3.0
brew,1.0.6
brglm,0.7.2
Brobdingnag,1.2.6
brotli,1.2
BRugs,NULL
BSDA,1.2.0
BsMD,2020.4.30
bvls,1.4
c2c,0.1.0
C50,0.1.2
ca,0.71.1
Cairo,1.5.12.2
calibrate,1.7.7
camsRad,0.3.0
capushe,1.1.1
car,3.0.10
carData,3.0.4
care,1.1.10
caret,6.0.80
catdap,1.3.5
CBPS,0.22
CCA,1.2.1
cclust,0.6.22
CEoptim,1.2
CePa,NULL
CerioliOutlierDetection,1.1.9
cfa,0.10.0
CfEstimateQuantiles,1.0
cheb,0.3
checkmate,2.0.0
chemometrics,1.4.2
chron,2.3.56
chunked,0.5.1
CIplot,1.0
circlize,0.4.4
circular,0.4.93
ckanr,0.6.0
class,7.3.19
classInt,0.4.3
clinfun,1.0.15
clipr,0.7.1
CLSOCP,1.0
clubSandwich,0.5.3
clue,0.3.59
cluster,2.1.2
ClusteredMutations,1.0.1
clusterGeneration,1.3.7
clustertend,1.5
clustMixType,0.2.11
ClustMMDD,1.0.4
ClustOfVar,1.1
cmaes,1.0.11
cmprsk,2.2.10
cobalt,4.3.1
coda,0.19.4
codetools,0.2.18
coin,1.2.2
collpcm,1.1
coloredICA,1.0.0
colorfulVennPlot,2.4
colorRamps,2.3
colorspace,2.0.1
colourpicker,1.1.0
colr,0.1.900
combinat,0.0.8
commonmark,1.7
complexplus,2.1
CompQuadForm,1.4.3
conclust,1.1
conf.design,2.0.0
config,0.3.1
conicfit,1.0.4
contfrac,1.1.12
corpcor,1.6.9
corrgram,1.14
corrplot,0.89
covr,3.5.1
coxphf,1.13.1
cpk,1.3.1
cprr,0.2.0
crank,1.1.2
crayon,1.4.1
credule,0.1.4
crochet,2.3.0
crosstalk,1.1.1
crossval,1.0.3
crrSC,1.1
crul,1.1.0
crunch,1.28.0
crunchy,0.3.3
cssTools,1.0
CTT,2.3.3
ctv,0.8.5
cubature,2.0.4.2
Cubist,0.3.0
cvAUC,1.1.0
cvq2,1.2.0
CVST,0.2.2
cytometree,2.0.2
d3Network,0.5.2.1
DandEFA,1.6
darts,1.0
datastepr,0.0.2
data.table,1.14.0
data.tree,1.0.0
date,1.2.39
DBItest,1.7.0
ddalpha,1.3.11
deadband,0.1.0
debugme,1.1.0
DECIDE,1.2
decompr,6.0.0
deldir,0.2.10
dendextend,1.15.1
denstrip,1.5.4
DEoptimR,1.0.9
desc,1.3.0
descr,1.1.5
deSolve,1.28
DetMCD,0.0.5
dfCompare,1.0.0
dfexplore,0.2.1
dfoptim,2020.10.1
diagonals,6.0.0
diagram,1.6.5
DiagrammeR,1.0.6.1
DiceDesign,1.9
DiceEval,1.5
DiceKriging,1.6.0
dichromat,2.0.0
DiffNet,1.0.0
diffusionMap,1.2.0
digest,0.6.27
dimRed,0.2.3
diptest,0.76.0
disclap,1.5
disposables,1.0.3
distances,0.1.8
distr,2.8.0
distrEx,2.8.0
dlstats,0.1.4
DoE.base,1.1.6
DoEstRare,0.2
doMC,1.3.7
doParallel,1.0.16
doSNOW,1.0.19
dotCall64,1.0.1
downloader,0.4
DPBBM,0.2.5
dr,3.0.10
DRaWR,1.0.1
drc,3.0.1
drgee,1.1.10
DRR,0.0.4
DT,0.4
DTK,3.5
dtplyr,1.1.0
dummies,1.5.6
dummy,0.1.3
dunn.test,1.3.5
dygraphs,1.1.1.6
dynia,0.2
dynlm,0.3.6
dynpanel,0.1.0
DySeq,0.22
e1071,1.7.7
EasyABC,1.5
easycsv,1.0.8
easyNCDF,NULL
ebal,0.1.6
ebSNP,1.0
ecolMod,1.2.6
ECOSolveR,0.5.4
EffectLiteR,0.4.4
effects,4.2.0
egg,0.4.5
elliplot,1.2.0
ellipse,0.4.2
elo,2.1.1
emdist,0.3.1
emoa,0.5.0.1
emplik,1.1.1
endtoend,2.29
english,1.2.5
entropy,1.3.0
envDocument,2.4.1
EQL,1.0.1
ergm,3.8.0
estimability,1.3
etm,1.1.1
evd,2.3.3
evir,1.7.4
evobiR,NULL
expm,0.999.6
ExPosition,2.8.23
extrafont,0.17
extrafontdb,1.0
extWeibQuant,1.1
ez,4.4.0
ezec,1.0.1
FacPad,3.0
FactoClass,1.2.7
FactoMineR,2.4
fail,1.3
Familias,2.4
fanplot,3.4.2
fastcluster,1.2.3
fastdigest,0.6.3
fastGHQuad,1.0
fastICA,1.2.2
fastmatch,1.1.0
fasttime,1.0.2
fauxpas,0.2.0
fBasics,3042.89.1
FBN,1.5.1
FD,1.0.12
fda,5.1.9
fdrtool,1.2.16
feather,0.3.5
ff,4.0.4
ffbase,0.13.3
fields,12.3
fiery,1.1.3
filehash,2.4.2
filesstrings,3.2.2
fingerprint,3.5.7
finreportr,1.0.2
fishMod,0.29
fit.models,0.64
FITSio,2.1.6
FixSeqMTP,0.1.2
flare,1.7.0
flashClust,1.1.2
flexmix,2.3.17
flowfield,1.0
FMC,1.0.0
fmsb,0.7.1
FMStable,0.1.2
FNN,1.1.3
fontBitstreamVera,0.1.1
fontcm,1.1
fontLiberation,0.1.0
fontquiver,0.2.1
foreach,1.5.1
formatR,1.11
Formula,1.2.4
formula.tools,1.7.1
fourPNO,1.0.4
fpc,2.2.9
FPCA2D,1.0
fracdiff,1.5.1
FractalParameterEstimation,1.1.2
frmhet,1.1.3
ftDK,1.0
fts,0.9.9.2
futile.logger,1.4.3
futile.options,1.0.1
future,1.8.1
fwi.fbp,1.7
fwsim,0.3.4
G1DBN,3.1.1
gam,1.20
gamlr,1.13.7
gamlss,5.3.4
gamlss.data,6.0.1
gamlss.dist,5.3.2
gamlss.mx,6.0.0
gamreg,0.3
gbm,2.1.8
gbRd,0.4.11
gcKrig,1.1.4
gclus,1.3.2
gdata,2.18.0
gdtools,0.2.3
gee,4.13.20
geepack,1.3.2
geigen,2.3
geiger,2.0.6
gelnet,1.2.1
genalg,0.2.0
GenBinomApps,1.1
gendata,1.1
genepi,1.0.1
GenKern,1.2.60
GenSA,1.1.7
GeoBoxplot,1.0
GEOmap,2.4.4
geomapdata,1.0.4
geometry,0.4.5
geoscale,2.0
getopt,1.20.3
GGally,2.1.1
ggcorrplot,0.1.3
ggdendro,0.1.22
ggExtra,0.9
ggformula,0.8.0
ggplot2movies,0.0.1
ggrepel,0.9.1
ggridges,0.5.3
ggstance,0.3.5
ghibli,0.3.2
ghyp,1.6.1
gibbs.met,1.1.3
giphyr,0.2.0
GISTools,NULL
glasso,1.11
glmc,0.3.1
glmnet,2.0.16
GlobalOptions,0.1.2
globals,0.14.0
gmm,1.6.6
gmodels,2.18.1
goftest,1.2.2
googleVis,0.6.10
gower,0.2.2
GPArotation,2014.11.1
gpclib,1.5.6
gplots,3.1.1
gridBase,0.4.7
gridExtra,2.3
grplasso,0.4.7
grr,0.9.5
gsl,2.1.6
gss,2.2.2
gstat,2.0.7
gsubfn,0.7
gsw,1.0.5
gt4ireval,2.0
gtable,0.3.0
gtools,3.9.2
gvc,6.0.0
haarfisz,4.5
HandTill2001,1.0.1
HaploSim,1.8.4
harmonicmeanp,3.0
hash,2.2.6.1
hashr,0.1.3
haven,2.4.1
hazus,0.1
HDInterval,0.2.2
heatmaply,1.2.1
helsinki,NULL
heplots,1.3.8
hermite,1.1.2
hexbin,1.28.2
HGNChelper,0.8.1
highr,0.9
HiLMM,1.1
HistData,0.8.7
histogram,0.0.25
Hmisc,4.1.1
hms,1.1.0
hopbyhop,3.41
HoRM,0.1.3
htm2txt,2.1.1
htmlTable,2.2.1
htmlwidgets,1.5.3
httpcache,1.2.0
httpcode,0.3.0
httptest,4.0.0
httpuv,1.6.1
hunspell,3.0.1
hydroApps,0.1.1
hyperSpec,0.99.20201127
IAbin,1.0
IASD,1.1
ibdreg,0.3.1
ibr,2.0.3
IC2,1.0.1
ica,1.0.2
identity,0.2.1
ifultools,2.0.22
iGasso,1.4
igraph,1.2.6
iMediate,0.5.5
importar,0.1.1
ineq,0.2.13
influenceR,0.1.0
InfoTrad,1.2
infraFDTD.assist,0.6
ini,0.3.1
inline,0.3.19
interflex,1.0.4
intervals,0.15.2
inum,1.0.4
ipred,0.9.11
ipw,1.0.11
ircor,1.0
irr,0.84.1
irtrees,0.1.0
ISBF,0.2.1
isdals,2.0.4
Iso,0.0.18.1
ISOcodes,2021.2.24
isopat,1.0
IsoriX,0.8.2
iterators,1.0.13
itertools,0.1.3
ivpack,1.2
janeaustenr,0.1.5
janitor,1.0.0
jiebaR,0.11
jiebaRD,0.1
jmuOutlier,2.2
jointDiag,0.4
jomo,2.7.2
jose,1.1.0
jpeg,0.1.8.1
jSonarR,1.1.1
jtools,2.1.3
Kendall,2.2
KENDL,1.1
kernlab,0.9.29
KernSmooth,2.23.20
kimisc,0.4
kineticF,1.0
kinship2,1.8.5
kirby21.base,1.7.3
kirby21.t1,1.7.0
KMsurv,0.1.5
knitcitations,1.0.12
kofnGA,1.3
kpeaks,1.1.0
kriging,1.1
labeling,0.4.2
labelled,2.8.0
label.switching,1.8
LaF,0.8.4
Lahman,9.0.0
lambda.r,1.2.4
lamW,2.1.0
lars,1.2
latentnet,2.8.0
later,1.2.0
latticeExtra,0.6.29
lava,1.6.9
lavaan,0.6.8
lavaan.survey,1.1.3.1
ldbod,0.1.2
leaflet,2.0.4.1
leafSTAR,1.0
leaps,3.1
learNN,0.2.0
lfe,2.8.6
lhs,1.1.1
libcoin,1.0.8
LiblineaR,2.10.12
liftr,0.9.2
likert,1.3.5
limSolve,1.5.6
lintr,2.0.1
lisrelToR,0.1.4
listenv,0.8.0
lme4,1.1.27
lmeSplines,1.1.10
lmom,2.8
Lmoments,1.3.1
lmtest,0.9.38
locfdr,1.1.8
locfit,1.5.9.4
log4r,0.3.2
logging,0.10.108
logistf,1.24
loglognorm,1.0.1
logspline,2.1.16
longclust,1.2.3
longitudinal,1.1.12
longpower,1.0.23
lpSolve,5.6.15
lqmm,1.5.5
LRTH,1.3
lsa,0.73.2
Luminescence,0.8.5
lvec,0.2.2
magic,1.5.9
manipulateWidget,0.11.0
ManyTests,1.2
mapproj,1.2.7
maps,3.3.0
maptools,1.1.1
markdown,1.1
maSAE,2.0.3
Massign,1.1.0
Matching,4.9.9
MatchIt,4.2.0
matrixcalc,1.0.4
MatrixModels,0.5.0
matrixStats,0.59.0
maxLik,1.4.8
MaxPro,4.1.2
MBA,0.0.9
MBESS,4.8.0
mboost,2.9.0
mc2d,0.1.19
mcclust,1.0
mcGlobaloptim,0.1
mclust,5.4.7
mcmc,0.9.7
MCMCpack,1.5.0
MCTM,1.0
mda,0.5.2
md.log,0.1.1
mdsdt,1.2
MedDietCalc,0.1.1
mediation,4.5.0
metricsgraphics,0.9.0
metRology,0.9.28.1
MGRASTer,0.9
mhsmm,0.4.16
MHTdiscrete,1.0.1
mi,1.0
mice,3.13.0
microbats,0.1.1
microbenchmark,1.4.7
MicSim,1.0.15
MIDN,1.0
MIICD,2.4
mime,0.10
minerva,1.5.8
minimalRSD,1.0.0
miniUI,0.1.1.1
minpack.lm,1.2.1
minqa,1.2.4
misc3d,0.9.0
miscTools,0.6.26
missForest,1.4
mitml,0.4.1
mitools,2.4
mixtools,1.2.0
mkssd,1.1
mlbench,2.1.3
mlearning,1.0.0
MLEcens,0.1.4
mlogit,1.1.1
mmc,0.0.3
mnormt,2.0.2
MNP,3.1.2
mockery,0.4.2
mockr,0.1
mod09nrt,0.14
ModelMetrics,1.2.2.2
modeltools,0.2.23
moments,0.14
momr,1.1
MonoPhy,1.2
MOQA,2.0.0
MorseGen,1.2
mosaic,1.3.0
mosaicCore,0.9.0
mosaicData,0.20.2
mpt,0.7.0
MRTSampleSize,0.3.0
msaR,0.5.0
msda,1.0.2
msgps,1.3.1
msm,1.6.8
mstate,0.2.11
muhaz,1.2.6.4
multcomp,1.4.8
multiAssetOptions,0.1.2
multicool,0.1.11
multivariance,2.4.0
mvna,2.0.1
mvnormtest,0.1.9
mvtnorm,1.1.2
namedCapture,2020.4.1
nanotime,0.2.1
natserv,1.0.0
naturalsort,0.1.3
NbClust,3.0
NBDdirichlet,1.3
ncbit,2013.3.29
ncdf4,NULL
ncvreg,3.13.0
ndjson,0.8.0
neatmaps,2.1.0
nephro,1.2
network,1.13.0.1
networkD3,0.4
neuralnet,1.44.2
NHANES,2.1.0
nice,0.4.1
nivm,0.3
nleqslv,3.3.2
nloptr,1.2.2.2
NLP,0.2.1
nlrr,0.1
nlstools,1.0.2
NMI,2.0
nnet,7.3.16
nnls,1.4
NNMIS,1.0.1
NonCompart,0.4.7
NORMT3,1.0.3
nortest,1.0.4
nparsurv,0.1.0
NPHMC,2.2
nsRFA,0.7.15
numbers,0.8.2
numform,0.6.4
nycflights13,1.0.2
oce,0.9.23
OHPL,1.4
oncomodel,1.0
OpenMPController,0.2.5
OpenMx,2.19.5
openxlsx,4.1.0
operators,0.1.8
operator.tools,1.6.3
optAUC,1.0
optextras,2019.12.4
OptGS,1.1.1
optimx,2021.6.12
optparse,1.6.6
orderstats,0.1.0
ore,1.6.3
orgutils,0.4.1
ORMDR,1.3.2
orthopolynom,1.0.5
OSCV,1.0
outliers,0.14
overlap,0.3.4
owmr,0.8.2
pack,0.1.1
packrat,0.6.0
packS4,0.9.3
pageviews,0.5.0
pampe,1.1.2
pan,1.6
pander,0.6.4
paramlink,1.1.2
parmigene,1.1.0
parsedate,1.2.1
partialOR,0.9
partykit,1.2.13
pawacc,1.2.2
pbapply,1.4.3
pbivnorm,0.6.0
pbkrtest,0.5.1
pbmcapply,1.5.0
pbs,1.1
PCA4TS,0.1
PCAmixdata,3.1
pcaPP,1.9.74
pcensmix,1.2.1
PCFAM,1.0
PCICt,0.5.4.1
pcse,1.9.1.1
pdist,1.2
PDQutils,0.1.6
Peacock.test,1.0
PeakSegDP,2017.8.15
pearson7,1.0.3
pedgene,3.3
pedigree,1.4
pedigreemm,0.3.3
PEGroupTesting,1.0
penaltyLearning,2020.5.13
perm,1.0.0.0
permPATH,1.2
permute,0.9.5
perry,0.2.0
perspectev,1.1
phangorn,2.7.0
pheatmap,1.0.12
phonR,1.0.7
phonTools,0.2.2.1
phylometrics,0.0.1
PhysicalActivity,0.2.4
physiology,1.2.1
phytools,0.7.80
picante,1.8.2
picasso,1.3.1
PieceExpIntensity,1.0.4
pinp,0.0.10
pipefittr,0.1.2
pipeliner,0.1.1
piton,1.0.0
pixmap,0.4.12
pkgconfig,2.0.3
pkgKitten,0.2.1
pkgmaker,0.32.2
PKI,0.1.8
PKPDmodels,0.3.2
plm,2.4.1
plotly,4.9.4
plotrix,3.8.1
pls,2.7.3
plsdepot,0.1.17
png,0.1.7
poibin,1.5
polspline,1.1.19
polyclip,1.10.0
polycor,0.7.10
polynom,1.4.0
pom,1.1
powerplus,3.1
powerSurvEpi,0.1.3
ppcor,1.1
pps,1.0
prabclus,2.3.2
pracma,2.3.3
praise,1.0.0
prepdat,1.0.8
prettydoc,0.4.1
prettyGraphs,2.1.6
prettyunits,1.1.1
primes,1.1.0
princurve,2.1.6
pROC,1.17.0.1
prodlim,2019.11.13
profileModel,0.6.1
progress,1.2.2
ProjectTemplate,0.10.1
promises,1.2.0.1
prospectr,0.2.1
proto,1.0.0
protoclass,1.0
PROTOLIDAR,0.1
proxy,0.4.26
pryr,0.1.4
PSAgraphics,2.1.1
pspline,1.0.18
ptinpoly,2.8
ptw,1.9.15
purrrlyr,0.0.7
pvclust,2.2.0
PWD,1.0
pwr,1.3.0
pwrAB,0.1.0
qap,0.1.1
QCA,3.12
qcc,2.7
qdapDictionaries,1.0.7
QGglmm,0.7.4
qicharts,0.5.8
qlcMatrix,0.9.7
qrage,1.0
quadprog,1.5.8
Quandl,2.10.0
quantification,0.2.0
quantmod,0.4.18
quantreg,5.86
quantregForest,1.3.7
quarrint,1.0.0
questionr,0.7.4
quhomology,1.1.1
qvcalc,1.0.2
r2d2,1.0.0
R2HTML,2.3.2
R2OpenBUGS,3.2.3.2.1
R2WinBUGS,2.1.21
R6,2.5.0
radir,1.0.4
ramchoice,1.1
RandMeta,0.1.0
RandomFields,3.1.50
RandomFieldsUtils,0.5.3
randomForest,4.6.14
randtoolbox,1.30.1
RANN,2.6.1
RAP,1.1
RApiDatetime,0.0.4
rappdirs,0.3.3
rARPACK,0.11.0
raster,3.4.10
rasterVis,0.45
ratios,1.2.0
rbenchmark,1.0.0
rBeta2009,1.0
rbounds,2.1
R.cache,0.15.0
rcartocolor,2.0.0
Rcgmin,2013.2.21
Rcmdr,2.4.4
RcmdrMisc,2.7.1
RColorBrewer,1.1.2
rcorpora,2.0.0
RCPmod,2.190
Rcpp,1.0.6
RcppArmadillo,0.10.5.0.0
RcppCCTZ,0.2.9
RcppEigen,0.3.3.9.1
RcppParallel,5.1.4
RcppProgress,0.4.2
RcppRoll,0.3.0
Rcsdp,0.1.57.1
RCurl,1.98.1.3
Rd2roxygen,1.11
readOffice,0.2.2
readstata13,0.10.0
recipes,0.1.16
recombinator,1.0.1
RecordLinkage,0.4.12.1
RefManageR,1.3.0
refnr,0.1.0
refset,0.1.1
registry,0.5.1
relaxo,0.1.2
relimp,1.0.5
rematch,1.0.1
rentrez,1.2.3
repo,2.1.5
reportr,1.3.0
represtools,0.1.3
reqres,0.2.3
reshape,0.8.8
reticulate,1.20
rex,1.2.0
Rga4gh,0.1.1
rgdal,NULL
RGENERATE,1.3.5
rgeos,NULL
rgexf,0.16.0
rgl,0.106.8
rhandsontable,0.3.8
rhosp,1.10
rio,0.5.26
ritis,1.0.0
rivernet,1.2.1
rivervis,0.46.0
rjson,0.2.20
RJSONIO,1.3.1.4
Rlab,2.15.1
RLeafAngle,1.0
rlecuyer,0.3.5
rlist,0.4.6.1
RLRsim,3.1.6
RLumShiny,0.2.2
RMallow,1.1
R.matlab,3.6.2
RMAWGEN,1.3.7
RMediation,1.1.4
rmeta,3.0
R.methodsS3,1.8.1
Rmisc,1.5
rms,5.1.2
RMySQL,NULL
rncl,0.8.4
rngtools,1.5
rngWELL,0.10.6
RNifti,1.3.1
robumeta,2.0
robust,0.5.0.0
robustbase,0.93.8
robustgam,0.1.7
robustHD,0.6.1
ROCR,1.0.11
ROI,1.0.0
ROI.plugin.nloptr,1.0.0
ROI.plugin.quadprog,1.0.0
rollmatch,2.0.2
R.oo,1.24.0
Rook,1.1.1
rootSolve,1.8.2.1
rotl,3.0.11
routr,0.4.0
roxygen2,7.1.1
rpart,4.1.15
RPCLR,1.0
RpeakChrom,1.1.0
rpf,1.0.7
rpinterest,0.3.1
RPMG,2.2.3
RPMM,1.25
rprintf,0.2.1
rpsychi,0.8
rrcov,1.5.5
rredlist,0.7.0
R.rsp,0.44.0
rSCA,3.1
rsconnect,0.8.18
rsm,2.10.2
Rsolnp,1.16
RSpectra,0.16.0
rsq,2.2
RSQLite,2.2.7
rstudioapi,0.13
RSVGTipsDevice,1.0.7
RSwissMaps,0.1.0.1
RTriangle,1.6.0.10
Rtsne,0.15
Rttf2pt1,1.3.8
rtype,0.1.1
RUnit,0.4.32
Runiversal,1.0.2
R.utils,2.10.1
rversions,2.1.1
Rvmmin,2018.4.17.1
Rwave,2.4.8
Ryacas,1.1.3.1
s2dverification,NULL
sac,1.0.2
saccades,0.1.1
sampling,2.9
samplingbook,1.2.4
sandwich,3.0.1
sanon,1.6
sapa,2.0.2
SASmarkdown,0.4.3
saws,0.9.6.2
scatterplot3d,0.3.41
schoolmath,0.4
schoRsch,1.9.1
sciplot,1.2.0
SciViews,0.9.13.1
scrapeR,0.1.6
ScreenClean,1.0.1
SCRT,1.3.1
sda,1.3.7
sde,2.0.15
seacarb,3.2.16
segmented,1.3.4
sem,3.1.11
SemiPar,1.0.4.2
semTools,0.5.4
sendmailR,1.2.1
sensitivity,1.25.0
sensitivity2x2xk,1.1
sensitivityfull,1.5.6
seqCBS,1.2.1
seqinr,4.2.8
seriation,1.2.9
servr,0.22
setRNG,2013.9.1
settings,0.2.7
sf,NULL
sFFLHD,0.1.2
sfsmisc,1.1.11
sgeostat,1.0.27
shape,1.4.6
sharpeRratio,1.4.2
shiny,1.6.0
shinyAce,0.4.1
shinydashboard,0.7.1
shinyjs,2.0.0
shinyLP,1.1.2
sievetest,1.2.3
simpleRCache,0.3.2
SIN,0.6
sisVIVE,1.4
slam,0.1.48
SLC,0.3
sld,0.3.3
sm,2.2.5.6
smcure,2.0
SmoothWin,3.0.0
sms,2.3.1
sna,2.6
snakecase,0.11.0
snow,0.4.3
SnowballC,0.7.0
snowfall,1.84.6.1
SocialNetworks,1.1
SoDA,1.0.6.1
Sofi,0.16.4.8
solrium,1.2.0
som,0.3.5.1
somplot,1.6.4
sos,2.0.2
sourcetools,0.1.7
sp,1.4.5
spacetime,1.2.5
spam,2.6.0
spaMM,3.8.0
sparklyr,1.7.0
SparseGrid,0.8.2
SparseM,1.81
sparsesvd,0.2
sparsevar,0.1.0
spatial,7.3.14
SpatialAcc,0.1.4
spatialnbda,1.0
spatstat,2.1.0
spatstat.data,2.1.0
spatstat.utils,2.2.0
spData,0.3.8
SpecsVerification,0.5.3
spectralGP,1.3.3
speedglm,0.3.3
spelling,2.2
SPIn,1.1
splancs,2.1.42
splus2R,1.3.3
SportsAnalytics,0.2
SQUAREM,2021.1
sROC,0.1.2
ssanv,1.1
ssd,0.3
stabledist,0.7.1
stabs,0.6.4
StanHeaders,2.21.0.7
startR,NULL
startupmsg,0.9.6
statmod,1.4.36
statnet.common,4.5.0
stressr,1.0.0
stringdist,0.9.6.3
strip,1.0.0
strucchange,1.5.2
subplex,1.6
SuppDists,1.1.9.5
survAUC,1.0.5
survey,4.0
survival,3.2.11
survRM2,1.0.3
svglite,2.0.0
taber,0.1.2
tablaxlsx,1.2.4
Table1Heatmap,1.1
TANDEM,1.0.3
tau,0.0.23
taxize,0.9.99
tcltk2,1.2.11
TDAmapper,1.0
tensor,1.5
tensorA,0.36.2
tester,0.1.7
testit,0.13
textutils,0.2.1
tfplot,2021.6.1
tframe,2015.12.1.1
tframePlus,2016.7.1
tgcd,2.5
tgram,0.2.3
TH.data,1.0.10
threejs,0.3.3
tidyselect,1.1.1
tidyverse,1.3.1
timeDate,3043.102
timelineS,0.1.1
timeSeries,3062.100
tis,1.38
tkrplot,0.0.25
tm,0.7.8
tmcn,0.2.13
tm.plugin.alceste,1.1
tm.plugin.lexisnexis,1.4.1
tmvtnorm,1.4.10
TraMineR,2.2.2
transcribeR,0.0.0
treeClust,1.1.7
triangle,0.12
triangulation,0.5.0
triebeard,0.3.0
trimcluster,0.1.5
truncnorm,1.0.8
trust,0.1.8
tseries,0.10.48
tsModel,0.6
TSP,1.1.10
TTmoment,1.0
TTR,0.24.2
ttutils,1.0.1
tufte,0.10
tumblR,1.2
turner,0.1.7
tvm,0.5.0
twang,2.3
tweenr,1.0.2
twilio,0.1.0
ucminf,1.1.4
UCR.ColumnNames,0.1.0
unfoldr,0.7
uniqtag,1.0
units,NULL
urca,1.3.0
urltools,1.7.3
uuid,0.1.4
UWHAM,1.0
V8,NULL
variables,1.1.0
vars,1.5.3
VarSwapPrice,1.0
vbdm,0.0.4
vcd,1.4.8
Vdgraph,2.2.2
vdiffr,1.0.0
vegan,2.5.7
venn,1.10
versions,0.3
VGAM,1.1.5
vioplot,0.3.6
viridis,0.5.1
viridisLite,0.4.0
visNetwork,2.0.9
vowels,1.2.2
waterfall,1.0.2
wavethresh,4.6.8
wCorr,1.9.5
webshot,0.5.2
webutils,1.1
WeightIt,0.12.0
weights,1.0.4
WhatIf,1.5.10
WikidataQueryServiceR,1.0.0
WikidataR,2.1.5
WikipediR,1.5.0
wikitaxa,0.4.0
windex,2.0.2
WLreg,1.0.0
woeBinning,0.1.6
worrms,0.4.2
wrapr,2.0.8
WrightMap,1.2.3
WriteXLS,6.3.0
wru,0.1.12
XBRL,0.99.18
xergm.common,1.7.8
xfun,0.23
xmlparsedata,1.0.5
xtable,1.8.4
xtermStyle,3.0.5
xts,0.12.1
yaml,2.2.1
Zelig,5.1.7
ZillowR,0.1.0
zip,2.2.0
zoo,1.8.9
zoom,2.0.4
zyp,0.10.1.1
